
Microsoft Visual Studio Solution File, Format Version 12.00
# Visual Studio Version 16
VisualStudioVersion = 16.0.32126.315
MinimumVisualStudioVersion = 10.0.40219.1
Project("{FAE04EC0-301F-11D3-BF4B-00C04F79EFBC}") = "AuthenticationService", "AuthenticationService\AuthenticationService.csproj", "{350A66CB-5870-4630-B47D-1F384D87F238}"
EndProject
Project("{FAE04EC0-301F-11D3-BF4B-00C04F79EFBC}") = "APIGateway", "APIGateway\APIGateway.csproj", "{5AA0A11D-9D51-4071-9171-ED707419EF43}"
EndProject
Project("{FAE04EC0-301F-11D3-BF4B-00C04F79EFBC}") = "UserMicroservice", "UserService\UserMicroservice.csproj", "{29E5BEB7-96CA-4E5E-B8E2-F3DFFD9C3462}"
EndProject
Project("{FAE04EC0-301F-11D3-BF4B-00C04F79EFBC}") = "BankService", "BankService\BankService.csproj", "{C4A44450-AE3E-4978-A63A-B86DAA1B9565}"
EndProject
Global
	GlobalSection(SolutionConfigurationPlatforms) = preSolution
		Debug|Any CPU = Debug|Any CPU
		Release|Any CPU = Release|Any CPU
	EndGlobalSection
	GlobalSection(ProjectConfigurationPlatforms) = postSolution
		{350A66CB-5870-4630-B47D-1F384D87F238}.Debug|Any CPU.ActiveCfg = Debug|Any CPU
		{350A66CB-5870-4630-B47D-1F384D87F238}.Debug|Any CPU.Build.0 = Debug|Any CPU
		{350A66CB-5870-4630-B47D-1F384D87F238}.Release|Any CPU.ActiveCfg = Release|Any CPU
		{350A66CB-5870-4630-B47D-1F384D87F238}.Release|Any CPU.Build.0 = Release|Any CPU
		{5AA0A11D-9D51-4071-9171-ED707419EF43}.Debug|Any CPU.ActiveCfg = Debug|Any CPU
		{5AA0A11D-9D51-4071-9171-ED707419EF43}.Debug|Any CPU.Build.0 = Debug|Any CPU
		{5AA0A11D-9D51-4071-9171-ED707419EF43}.Release|Any CPU.ActiveCfg = Release|Any CPU
		{5AA0A11D-9D51-4071-9171-ED707419EF43}.Release|Any CPU.Build.0 = Release|Any CPU
		{29E5BEB7-96CA-4E5E-B8E2-F3DFFD9C3462}.Debug|Any CPU.ActiveCfg = Debug|Any CPU
		{29E5BEB7-96CA-4E5E-B8E2-F3DFFD9C3462}.Debug|Any CPU.Build.0 = Debug|Any CPU
		{29E5BEB7-96CA-4E5E-B8E2-F3DFFD9C3462}.Release|Any CPU.ActiveCfg = Release|Any CPU
		{29E5BEB7-96CA-4E5E-B8E2-F3DFFD9C3462}.Release|Any CPU.Build.0 = Release|Any CPU
		{C4A44450-AE3E-4978-A63A-B86DAA1B9565}.Debug|Any CPU.ActiveCfg = Debug|Any CPU
		{C4A44450-AE3E-4978-A63A-B86DAA1B9565}.Debug|Any CPU.Build.0 = Debug|Any CPU
		{C4A44450-AE3E-4978-A63A-B86DAA1B9565}.Release|Any CPU.ActiveCfg = Release|Any CPU
		{C4A44450-AE3E-4978-A63A-B86DAA1B9565}.Release|Any CPU.Build.0 = Release|Any CPU
	EndGlobalSection
	GlobalSection(SolutionProperties) = preSolution
		HideSolutionNode = FALSE
	EndGlobalSection
	GlobalSection(ExtensibilityGlobals) = postSolution
		SolutionGuid = {E013FA69-314C-46A1-BEA9-E55BACE40B18}
	EndGlobalSection
EndGlobal
